Microsoft Visual Studio Solution File, Format Version 11.00
# Visual Studio 2010
Project("{8BC9CEB8-8B4A-11D0-8D11-00A0C91BC942}") = "Fluid2DParticles", "Fluid2DParticles.vcxproj", "{9FD9C643-BF24-4846-B1CB-01CB6EF81D7C}"
EndProject
Global
	GlobalSection(SolutionConfigurationPlatforms) = preSolution
		Debug|Win32 = Debug|Win32
		Release|Win32 = Release|Win32
	EndGlobalSection
	GlobalSection(ProjectConfigurationPlatforms) = postSolution
		{9FD9C643-BF24-4846-B1CB-01CB6EF81D7C}.Debug|Win32.ActiveCfg = Debug|Win32
		{9FD9C643-BF24-4846-B1CB-01CB6EF81D7C}.Debug|Win32.Build.0 = Debug|Win32
		{9FD9C643-BF24-4846-B1CB-01CB6EF81D7C}.Release|Win32.ActiveCfg = Release|Win32
		{9FD9C643-BF24-4846-B1CB-01CB6EF81D7C}.Release|Win32.Build.0 = Release|Win32
	EndGlobalSection
	GlobalSection(SolutionProperties) = preSolution
		HideSolutionNode = FALSE
	EndGlobalSection
EndGlobal
