Microsoft Visual Studio Solution File, Format Version 12.00
# Visual Studio 2012
Project("{8BC9CEB8-8B4A-11D0-8D11-00A0C91BC942}") = "Fluid2DBasic", "..\..\Fluid2DBasic\vc11\Fluid2DBasic.vcxproj", "{74202EDD-91D2-4D2A-B0B6-355CEB16E6BE}"
EndProject
Project("{8BC9CEB8-8B4A-11D0-8D11-00A0C91BC942}") = "Fluid2DCam", "..\..\Fluid2DCam\vc11\Fluid2DCam.vcxproj", "{EC51BE75-35B5-459A-B99F-703301B8495D}"
EndProject
Project("{8BC9CEB8-8B4A-11D0-8D11-00A0C91BC942}") = "Fluid2DParticles", "..\..\Fluid2DParticles\vc11\Fluid2DParticles.vcxproj", "{9FD9C643-BF24-4846-B1CB-01CB6EF81D7C}"
EndProject
Project("{8BC9CEB8-8B4A-11D0-8D11-00A0C91BC942}") = "Fluid2DParticleSoup", "..\..\Fluid2DParticleSoup\vc11\Fluid2DParticleSoup.vcxproj", "{685562B1-F04E-46FE-88A4-27A3E3188FCE}"
EndProject
Project("{8BC9CEB8-8B4A-11D0-8D11-00A0C91BC942}") = "Fluid2DRGB", "..\..\Fluid2DRGB\vc11\Fluid2DRGB.vcxproj", "{5151F157-3FAE-4C3E-B57A-65532FEC36A6}"
EndProject
Project("{8BC9CEB8-8B4A-11D0-8D11-00A0C91BC942}") = "Fluid2DTexture", "..\..\Fluid2DTexture\vc11\Fluid2DTexture.vcxproj", "{F0B9BEC9-8177-4190-BAE6-F548F0411907}"
EndProject
Global
	GlobalSection(SolutionConfigurationPlatforms) = preSolution
		Debug|Win32 = Debug|Win32
		Release|Win32 = Release|Win32
	EndGlobalSection
	GlobalSection(ProjectConfigurationPlatforms) = postSolution
		{74202EDD-91D2-4D2A-B0B6-355CEB16E6BE}.Debug|Win32.ActiveCfg = Debug|Win32
		{74202EDD-91D2-4D2A-B0B6-355CEB16E6BE}.Debug|Win32.Build.0 = Debug|Win32
		{74202EDD-91D2-4D2A-B0B6-355CEB16E6BE}.Release|Win32.ActiveCfg = Release|Win32
		{74202EDD-91D2-4D2A-B0B6-355CEB16E6BE}.Release|Win32.Build.0 = Release|Win32
		{EC51BE75-35B5-459A-B99F-703301B8495D}.Debug|Win32.ActiveCfg = Debug|Win32
		{EC51BE75-35B5-459A-B99F-703301B8495D}.Debug|Win32.Build.0 = Debug|Win32
		{EC51BE75-35B5-459A-B99F-703301B8495D}.Release|Win32.ActiveCfg = Release|Win32
		{EC51BE75-35B5-459A-B99F-703301B8495D}.Release|Win32.Build.0 = Release|Win32
		{9FD9C643-BF24-4846-B1CB-01CB6EF81D7C}.Debug|Win32.ActiveCfg = Debug|Win32
		{9FD9C643-BF24-4846-B1CB-01CB6EF81D7C}.Debug|Win32.Build.0 = Debug|Win32
		{9FD9C643-BF24-4846-B1CB-01CB6EF81D7C}.Release|Win32.ActiveCfg = Release|Win32
		{9FD9C643-BF24-4846-B1CB-01CB6EF81D7C}.Release|Win32.Build.0 = Release|Win32
		{685562B1-F04E-46FE-88A4-27A3E3188FCE}.Debug|Win32.ActiveCfg = Debug|Win32
		{685562B1-F04E-46FE-88A4-27A3E3188FCE}.Debug|Win32.Build.0 = Debug|Win32
		{685562B1-F04E-46FE-88A4-27A3E3188FCE}.Release|Win32.ActiveCfg = Release|Win32
		{685562B1-F04E-46FE-88A4-27A3E3188FCE}.Release|Win32.Build.0 = Release|Win32
		{5151F157-3FAE-4C3E-B57A-65532FEC36A6}.Debug|Win32.ActiveCfg = Debug|Win32
		{5151F157-3FAE-4C3E-B57A-65532FEC36A6}.Debug|Win32.Build.0 = Debug|Win32
		{5151F157-3FAE-4C3E-B57A-65532FEC36A6}.Release|Win32.ActiveCfg = Release|Win32
		{5151F157-3FAE-4C3E-B57A-65532FEC36A6}.Release|Win32.Build.0 = Release|Win32
		{F0B9BEC9-8177-4190-BAE6-F548F0411907}.Debug|Win32.ActiveCfg = Debug|Win32
		{F0B9BEC9-8177-4190-BAE6-F548F0411907}.Debug|Win32.Build.0 = Debug|Win32
		{F0B9BEC9-8177-4190-BAE6-F548F0411907}.Release|Win32.ActiveCfg = Release|Win32
		{F0B9BEC9-8177-4190-BAE6-F548F0411907}.Release|Win32.Build.0 = Release|Win32
	EndGlobalSection
	GlobalSection(SolutionProperties) = preSolution
		HideSolutionNode = FALSE
	EndGlobalSection
EndGlobal
